
Microsoft Visual Studio Solution File, Format Version 12.00
# Visual Studio Version 16
VisualStudioVersion = 16.0.31321.278
MinimumVisualStudioVersion = 10.0.40219.1
Project("{FAE04EC0-301F-11D3-BF4B-00C04F79EFBC}") = "hogerLagerWindws", "hogerLagerWindws\hogerLagerWindws.csproj", "{A29E7DB9-D0D4-4FA5-8B17-EC27CF1226BA}"
EndProject
Global
	GlobalSection(SolutionConfigurationPlatforms) = preSolution
		Debug|Any CPU = Debug|Any CPU
		Release|Any CPU = Release|Any CPU
	EndGlobalSection
	GlobalSection(ProjectConfigurationPlatforms) = postSolution
		{A29E7DB9-D0D4-4FA5-8B17-EC27CF1226BA}.Debug|Any CPU.ActiveCfg = Debug|Any CPU
		{A29E7DB9-D0D4-4FA5-8B17-EC27CF1226BA}.Debug|Any CPU.Build.0 = Debug|Any CPU
		{A29E7DB9-D0D4-4FA5-8B17-EC27CF1226BA}.Release|Any CPU.ActiveCfg = Release|Any CPU
		{A29E7DB9-D0D4-4FA5-8B17-EC27CF1226BA}.Release|Any CPU.Build.0 = Release|Any CPU
	EndGlobalSection
	GlobalSection(SolutionProperties) = preSolution
		HideSolutionNode = FALSE
	EndGlobalSection
	GlobalSection(ExtensibilityGlobals) = postSolution
		SolutionGuid = {D529F582-4FBB-4664-B184-DA4C95234BFE}
	EndGlobalSection
EndGlobal
